
Microsoft Visual Studio Solution File, Format Version 12.00
# Visual Studio 15
VisualStudioVersion = 15.0.28307.421
MinimumVisualStudioVersion = 10.0.40219.1
Project("{FAE04EC0-301F-11D3-BF4B-00C04F79EFBC}") = "utilituSearchFile", "utilituSearchFile\utilituSearchFile.csproj", "{A3EC5E12-02FC-4E79-9CB2-D6A2A913667A}"
EndProject
Global
	GlobalSection(SolutionConfigurationPlatforms) = preSolution
		Debug|Any CPU = Debug|Any CPU
		Release|Any CPU = Release|Any CPU
	EndGlobalSection
	GlobalSection(ProjectConfigurationPlatforms) = postSolution
		{A3EC5E12-02FC-4E79-9CB2-D6A2A913667A}.Debug|Any CPU.ActiveCfg = Debug|Any CPU
		{A3EC5E12-02FC-4E79-9CB2-D6A2A913667A}.Debug|Any CPU.Build.0 = Debug|Any CPU
		{A3EC5E12-02FC-4E79-9CB2-D6A2A913667A}.Release|Any CPU.ActiveCfg = Release|Any CPU
		{A3EC5E12-02FC-4E79-9CB2-D6A2A913667A}.Release|Any CPU.Build.0 = Release|Any CPU
	EndGlobalSection
	GlobalSection(SolutionProperties) = preSolution
		HideSolutionNode = FALSE
	EndGlobalSection
	GlobalSection(ExtensibilityGlobals) = postSolution
		SolutionGuid = {F5B07613-25F9-4744-BF5F-F9A21E0873A9}
	EndGlobalSection
EndGlobal
